
Microsoft Visual Studio Solution File, Format Version 12.00
# Visual Studio Version 17
VisualStudioVersion = 17.9.34616.47
MinimumVisualStudioVersion = 10.0.40219.1
Project("{FAE04EC0-301F-11D3-BF4B-00C04F79EFBC}") = "ConsoleApp2", "ConsoleApp2.csproj", "{CFDCC4C3-9115-4573-AFB0-77023E0E4733}"
EndProject
Project("{FAE04EC0-301F-11D3-BF4B-00C04F79EFBC}") = "MStest", "..\MStest\MStest.csproj", "{8930806E-D883-4241-9D55-802AC06A9205}"
EndProject
Global
	GlobalSection(SolutionConfigurationPlatforms) = preSolution
		Debug|Any CPU = Debug|Any CPU
		Release|Any CPU = Release|Any CPU
	EndGlobalSection
	GlobalSection(ProjectConfigurationPlatforms) = postSolution
		{CFDCC4C3-9115-4573-AFB0-77023E0E4733}.Debug|Any CPU.ActiveCfg = Debug|Any CPU
		{CFDCC4C3-9115-4573-AFB0-77023E0E4733}.Debug|Any CPU.Build.0 = Debug|Any CPU
		{CFDCC4C3-9115-4573-AFB0-77023E0E4733}.Release|Any CPU.ActiveCfg = Release|Any CPU
		{CFDCC4C3-9115-4573-AFB0-77023E0E4733}.Release|Any CPU.Build.0 = Release|Any CPU
		{8930806E-D883-4241-9D55-802AC06A9205}.Debug|Any CPU.ActiveCfg = Debug|Any CPU
		{8930806E-D883-4241-9D55-802AC06A9205}.Debug|Any CPU.Build.0 = Debug|Any CPU
		{8930806E-D883-4241-9D55-802AC06A9205}.Release|Any CPU.ActiveCfg = Release|Any CPU
		{8930806E-D883-4241-9D55-802AC06A9205}.Release|Any CPU.Build.0 = Release|Any CPU
	EndGlobalSection
	GlobalSection(SolutionProperties) = preSolution
		HideSolutionNode = FALSE
	EndGlobalSection
	GlobalSection(ExtensibilityGlobals) = postSolution
		SolutionGuid = {100D2D40-43A7-4389-AC35-787C5EC269C2}
	EndGlobalSection
EndGlobal
